
Microsoft Visual Studio Solution File, Format Version 12.00
# Visual Studio Version 16
VisualStudioVersion = 16.0.31702.278
MinimumVisualStudioVersion = 10.0.40219.1
Project("{FAE04EC0-301F-11D3-BF4B-00C04F79EFBC}") = "Messenger", "Messenger.csproj", "{53024BD2-78EB-4B92-8A51-32F135C11D0A}"
EndProject
Global
	GlobalSection(SolutionConfigurationPlatforms) = preSolution
		Debug|Any CPU = Debug|Any CPU
		Release|Any CPU = Release|Any CPU
	EndGlobalSection
	GlobalSection(ProjectConfigurationPlatforms) = postSolution
		{53024BD2-78EB-4B92-8A51-32F135C11D0A}.Debug|Any CPU.ActiveCfg = Debug|Any CPU
		{53024BD2-78EB-4B92-8A51-32F135C11D0A}.Debug|Any CPU.Build.0 = Debug|Any CPU
		{53024BD2-78EB-4B92-8A51-32F135C11D0A}.Release|Any CPU.ActiveCfg = Release|Any CPU
		{53024BD2-78EB-4B92-8A51-32F135C11D0A}.Release|Any CPU.Build.0 = Release|Any CPU
	EndGlobalSection
	GlobalSection(SolutionProperties) = preSolution
		HideSolutionNode = FALSE
	EndGlobalSection
	GlobalSection(ExtensibilityGlobals) = postSolution
		SolutionGuid = {9F1B8F62-9BA7-439A-9D88-08D7896A2763}
	EndGlobalSection
EndGlobal
