
Microsoft Visual Studio Solution File, Format Version 12.00
# Visual Studio Version 16
VisualStudioVersion = 16.0.31702.278
MinimumVisualStudioVersion = 10.0.40219.1
Project("{9A19103F-16F7-4668-BE54-9A1E7A4F7556}") = "Messenger", "Messenger.csproj", "{53024BD2-78EB-4B92-8A51-32F135C11D0A}"
EndProject
Project("{9A19103F-16F7-4668-BE54-9A1E7A4F7556}") = "Server", "..\Server\Server.csproj", "{B505174A-2D70-4402-B064-1EAE90550890}"
EndProject
Project("{FAE04EC0-301F-11D3-BF4B-00C04F79EFBC}") = "WPFClient", "..\WPFClient\WPFClient.csproj", "{8A3F192A-9736-48EB-9F06-454911BCA84B}"
EndProject
Global
	GlobalSection(SolutionConfigurationPlatforms) = preSolution
		Debug|Any CPU = Debug|Any CPU
		Release|Any CPU = Release|Any CPU
	EndGlobalSection
	GlobalSection(ProjectConfigurationPlatforms) = postSolution
		{53024BD2-78EB-4B92-8A51-32F135C11D0A}.Debug|Any CPU.ActiveCfg = Debug|Any CPU
		{53024BD2-78EB-4B92-8A51-32F135C11D0A}.Debug|Any CPU.Build.0 = Debug|Any CPU
		{53024BD2-78EB-4B92-8A51-32F135C11D0A}.Release|Any CPU.ActiveCfg = Release|Any CPU
		{53024BD2-78EB-4B92-8A51-32F135C11D0A}.Release|Any CPU.Build.0 = Release|Any CPU
		{B505174A-2D70-4402-B064-1EAE90550890}.Debug|Any CPU.ActiveCfg = Debug|Any CPU
		{B505174A-2D70-4402-B064-1EAE90550890}.Debug|Any CPU.Build.0 = Debug|Any CPU
		{B505174A-2D70-4402-B064-1EAE90550890}.Release|Any CPU.ActiveCfg = Release|Any CPU
		{B505174A-2D70-4402-B064-1EAE90550890}.Release|Any CPU.Build.0 = Release|Any CPU
		{8A3F192A-9736-48EB-9F06-454911BCA84B}.Debug|Any CPU.ActiveCfg = Debug|Any CPU
		{8A3F192A-9736-48EB-9F06-454911BCA84B}.Debug|Any CPU.Build.0 = Debug|Any CPU
		{8A3F192A-9736-48EB-9F06-454911BCA84B}.Release|Any CPU.ActiveCfg = Release|Any CPU
		{8A3F192A-9736-48EB-9F06-454911BCA84B}.Release|Any CPU.Build.0 = Release|Any CPU
	EndGlobalSection
	GlobalSection(SolutionProperties) = preSolution
		HideSolutionNode = FALSE
	EndGlobalSection
	GlobalSection(ExtensibilityGlobals) = postSolution
		SolutionGuid = {9F1B8F62-9BA7-439A-9D88-08D7896A2763}
	EndGlobalSection
EndGlobal
