
Microsoft Visual Studio Solution File, Format Version 12.00
# Visual Studio Version 16
VisualStudioVersion = 16.0.30907.101
MinimumVisualStudioVersion = 10.0.40219.1
Project("{9A19103F-16F7-4668-BE54-9A1E7A4F7556}") = "Server", "Server\Server.csproj", "{4843B40D-9AD0-4387-AA2E-F2ABB19732F2}"
EndProject
Project("{2150E333-8FDC-42A3-9474-1A3956D46DE8}") = "Solution Items", "Solution Items", "{3E1D7994-B10F-4D77-AFB6-3BABDBE04FA8}"
EndProject
Project("{9A19103F-16F7-4668-BE54-9A1E7A4F7556}") = "ConsoleMessenger", "ConsoleMessenger\ConsoleMessenger.csproj", "{BB4E0915-B501-4653-BD6E-FDEEA10A006F}"
EndProject
Project("{FAE04EC0-301F-11D3-BF4B-00C04F79EFBC}") = "WPFClient", "WPFClient\WPFClient.csproj", "{AF1F758A-690E-4E9C-9905-505B5F360116}"
EndProject
Global
	GlobalSection(SolutionConfigurationPlatforms) = preSolution
		Debug|Any CPU = Debug|Any CPU
		Debug|ARM = Debug|ARM
		Debug|ARM64 = Debug|ARM64
		Debug|x64 = Debug|x64
		Debug|x86 = Debug|x86
		Release|Any CPU = Release|Any CPU
		Release|ARM = Release|ARM
		Release|ARM64 = Release|ARM64
		Release|x64 = Release|x64
		Release|x86 = Release|x86
	EndGlobalSection
	GlobalSection(ProjectConfigurationPlatforms) = postSolution
		{4843B40D-9AD0-4387-AA2E-F2ABB19732F2}.Debug|Any CPU.ActiveCfg = Debug|Any CPU
		{4843B40D-9AD0-4387-AA2E-F2ABB19732F2}.Debug|Any CPU.Build.0 = Debug|Any CPU
		{4843B40D-9AD0-4387-AA2E-F2ABB19732F2}.Debug|ARM.ActiveCfg = Debug|Any CPU
		{4843B40D-9AD0-4387-AA2E-F2ABB19732F2}.Debug|ARM.Build.0 = Debug|Any CPU
		{4843B40D-9AD0-4387-AA2E-F2ABB19732F2}.Debug|ARM64.ActiveCfg = Debug|Any CPU
		{4843B40D-9AD0-4387-AA2E-F2ABB19732F2}.Debug|ARM64.Build.0 = Debug|Any CPU
		{4843B40D-9AD0-4387-AA2E-F2ABB19732F2}.Debug|x64.ActiveCfg = Debug|Any CPU
		{4843B40D-9AD0-4387-AA2E-F2ABB19732F2}.Debug|x64.Build.0 = Debug|Any CPU
		{4843B40D-9AD0-4387-AA2E-F2ABB19732F2}.Debug|x86.ActiveCfg = Debug|Any CPU
		{4843B40D-9AD0-4387-AA2E-F2ABB19732F2}.Debug|x86.Build.0 = Debug|Any CPU
		{4843B40D-9AD0-4387-AA2E-F2ABB19732F2}.Release|Any CPU.ActiveCfg = Release|Any CPU
		{4843B40D-9AD0-4387-AA2E-F2ABB19732F2}.Release|Any CPU.Build.0 = Release|Any CPU
		{4843B40D-9AD0-4387-AA2E-F2ABB19732F2}.Release|ARM.ActiveCfg = Release|Any CPU
		{4843B40D-9AD0-4387-AA2E-F2ABB19732F2}.Release|ARM.Build.0 = Release|Any CPU
		{4843B40D-9AD0-4387-AA2E-F2ABB19732F2}.Release|ARM64.ActiveCfg = Release|Any CPU
		{4843B40D-9AD0-4387-AA2E-F2ABB19732F2}.Release|ARM64.Build.0 = Release|Any CPU
		{4843B40D-9AD0-4387-AA2E-F2ABB19732F2}.Release|x64.ActiveCfg = Release|Any CPU
		{4843B40D-9AD0-4387-AA2E-F2ABB19732F2}.Release|x64.Build.0 = Release|Any CPU
		{4843B40D-9AD0-4387-AA2E-F2ABB19732F2}.Release|x86.ActiveCfg = Release|Any CPU
		{4843B40D-9AD0-4387-AA2E-F2ABB19732F2}.Release|x86.Build.0 = Release|Any CPU
		{BB4E0915-B501-4653-BD6E-FDEEA10A006F}.Debug|Any CPU.ActiveCfg = Debug|Any CPU
		{BB4E0915-B501-4653-BD6E-FDEEA10A006F}.Debug|Any CPU.Build.0 = Debug|Any CPU
		{BB4E0915-B501-4653-BD6E-FDEEA10A006F}.Debug|ARM.ActiveCfg = Debug|Any CPU
		{BB4E0915-B501-4653-BD6E-FDEEA10A006F}.Debug|ARM.Build.0 = Debug|Any CPU
		{BB4E0915-B501-4653-BD6E-FDEEA10A006F}.Debug|ARM64.ActiveCfg = Debug|Any CPU
		{BB4E0915-B501-4653-BD6E-FDEEA10A006F}.Debug|ARM64.Build.0 = Debug|Any CPU
		{BB4E0915-B501-4653-BD6E-FDEEA10A006F}.Debug|x64.ActiveCfg = Debug|Any CPU
		{BB4E0915-B501-4653-BD6E-FDEEA10A006F}.Debug|x64.Build.0 = Debug|Any CPU
		{BB4E0915-B501-4653-BD6E-FDEEA10A006F}.Debug|x86.ActiveCfg = Debug|Any CPU
		{BB4E0915-B501-4653-BD6E-FDEEA10A006F}.Debug|x86.Build.0 = Debug|Any CPU
		{BB4E0915-B501-4653-BD6E-FDEEA10A006F}.Release|Any CPU.ActiveCfg = Release|Any CPU
		{BB4E0915-B501-4653-BD6E-FDEEA10A006F}.Release|Any CPU.Build.0 = Release|Any CPU
		{BB4E0915-B501-4653-BD6E-FDEEA10A006F}.Release|ARM.ActiveCfg = Release|Any CPU
		{BB4E0915-B501-4653-BD6E-FDEEA10A006F}.Release|ARM.Build.0 = Release|Any CPU
		{BB4E0915-B501-4653-BD6E-FDEEA10A006F}.Release|ARM64.ActiveCfg = Release|Any CPU
		{BB4E0915-B501-4653-BD6E-FDEEA10A006F}.Release|ARM64.Build.0 = Release|Any CPU
		{BB4E0915-B501-4653-BD6E-FDEEA10A006F}.Release|x64.ActiveCfg = Release|Any CPU
		{BB4E0915-B501-4653-BD6E-FDEEA10A006F}.Release|x64.Build.0 = Release|Any CPU
		{BB4E0915-B501-4653-BD6E-FDEEA10A006F}.Release|x86.ActiveCfg = Release|Any CPU
		{BB4E0915-B501-4653-BD6E-FDEEA10A006F}.Release|x86.Build.0 = Release|Any CPU
		{AF1F758A-690E-4E9C-9905-505B5F360116}.Debug|Any CPU.ActiveCfg = Debug|Any CPU
		{AF1F758A-690E-4E9C-9905-505B5F360116}.Debug|Any CPU.Build.0 = Debug|Any CPU
		{AF1F758A-690E-4E9C-9905-505B5F360116}.Debug|ARM.ActiveCfg = Debug|Any CPU
		{AF1F758A-690E-4E9C-9905-505B5F360116}.Debug|ARM.Build.0 = Debug|Any CPU
		{AF1F758A-690E-4E9C-9905-505B5F360116}.Debug|ARM64.ActiveCfg = Debug|Any CPU
		{AF1F758A-690E-4E9C-9905-505B5F360116}.Debug|ARM64.Build.0 = Debug|Any CPU
		{AF1F758A-690E-4E9C-9905-505B5F360116}.Debug|x64.ActiveCfg = Debug|Any CPU
		{AF1F758A-690E-4E9C-9905-505B5F360116}.Debug|x64.Build.0 = Debug|Any CPU
		{AF1F758A-690E-4E9C-9905-505B5F360116}.Debug|x86.ActiveCfg = Debug|Any CPU
		{AF1F758A-690E-4E9C-9905-505B5F360116}.Debug|x86.Build.0 = Debug|Any CPU
		{AF1F758A-690E-4E9C-9905-505B5F360116}.Release|Any CPU.ActiveCfg = Release|Any CPU
		{AF1F758A-690E-4E9C-9905-505B5F360116}.Release|Any CPU.Build.0 = Release|Any CPU
		{AF1F758A-690E-4E9C-9905-505B5F360116}.Release|ARM.ActiveCfg = Release|Any CPU
		{AF1F758A-690E-4E9C-9905-505B5F360116}.Release|ARM.Build.0 = Release|Any CPU
		{AF1F758A-690E-4E9C-9905-505B5F360116}.Release|ARM64.ActiveCfg = Release|Any CPU
		{AF1F758A-690E-4E9C-9905-505B5F360116}.Release|ARM64.Build.0 = Release|Any CPU
		{AF1F758A-690E-4E9C-9905-505B5F360116}.Release|x64.ActiveCfg = Release|Any CPU
		{AF1F758A-690E-4E9C-9905-505B5F360116}.Release|x64.Build.0 = Release|Any CPU
		{AF1F758A-690E-4E9C-9905-505B5F360116}.Release|x86.ActiveCfg = Release|Any CPU
		{AF1F758A-690E-4E9C-9905-505B5F360116}.Release|x86.Build.0 = Release|Any CPU
	EndGlobalSection
	GlobalSection(SolutionProperties) = preSolution
		HideSolutionNode = FALSE
	EndGlobalSection
	GlobalSection(ExtensibilityGlobals) = postSolution
		SolutionGuid = {D8AD02C1-FB91-49BA-A323-CB9DDA014324}
	EndGlobalSection
EndGlobal
